{
  "name": "MuscleMind_CRM",
  "lockfileVersion": 3,
  "requires": true,
  "packages": {
    "": {
      "dependencies": {
        "smart-webcomponents-react": "^21.0.0"
      }
    },
    "node_modules/smart-webcomponents-react": {
      "version": "21.0.0",
      "resolved": "https://registry.npmjs.org/smart-webcomponents-react/-/smart-webcomponents-react-21.0.0.tgz",
      "integrity": "sha512-nvsZvtRUoY+1nwx0OSBtwHZprf8ver+ZhSnvaHNjjbMv8QJDXX6/U5+wYJPtk4DEyjWqHTKBQquwHCwyTgSGXg==",
      "license": "SEE LICENSE IN https://www.htmlelements.com/license/"
    }
  }
}
